
Microsoft Visual Studio Solution File, Format Version 12.00
# Visual Studio Version 17
VisualStudioVersion = 17.10.35027.167
MinimumVisualStudioVersion = 10.0.40219.1
Project("{FAE04EC0-301F-11D3-BF4B-00C04F79EFBC}") = "gestionHopital", "gestionHopital\gestionHopital.csproj", "{9F76E1D3-85AC-43F9-BA3C-79ADECD69BDF}"
EndProject
Global
	GlobalSection(SolutionConfigurationPlatforms) = preSolution
		Debug|Any CPU = Debug|Any CPU
		Release|Any CPU = Release|Any CPU
	EndGlobalSection
	GlobalSection(ProjectConfigurationPlatforms) = postSolution
		{9F76E1D3-85AC-43F9-BA3C-79ADECD69BDF}.Debug|Any CPU.ActiveCfg = Debug|Any CPU
		{9F76E1D3-85AC-43F9-BA3C-79ADECD69BDF}.Debug|Any CPU.Build.0 = Debug|Any CPU
		{9F76E1D3-85AC-43F9-BA3C-79ADECD69BDF}.Release|Any CPU.ActiveCfg = Release|Any CPU
		{9F76E1D3-85AC-43F9-BA3C-79ADECD69BDF}.Release|Any CPU.Build.0 = Release|Any CPU
	EndGlobalSection
	GlobalSection(SolutionProperties) = preSolution
		HideSolutionNode = FALSE
	EndGlobalSection
	GlobalSection(ExtensibilityGlobals) = postSolution
		SolutionGuid = {8B2F9B73-2B28-4C43-95D1-91980C6DEC37}
	EndGlobalSection
EndGlobal
